
Microsoft Visual Studio Solution File, Format Version 12.00
# Visual Studio 15
Project("{FAE04EC0-301F-11D3-BF4B-00C04F79EFBC}") = "Assembly-CSharp", "Assembly-CSharp.csproj", "{540FB6BF-9174-03F9-82A3-5887450264D1}"
EndProject
Global
	GlobalSection(SolutionConfigurationPlatforms) = preSolution
		Debug|Any CPU = Debug|Any CPU
		Release|Any CPU = Release|Any CPU
	EndGlobalSection
	GlobalSection(ProjectConfigurationPlatforms) = postSolution
		{540FB6BF-9174-03F9-82A3-5887450264D1}.Debug|Any CPU.ActiveCfg = Debug|Any CPU
		{540FB6BF-9174-03F9-82A3-5887450264D1}.Debug|Any CPU.Build.0 = Debug|Any CPU
		{540FB6BF-9174-03F9-82A3-5887450264D1}.Release|Any CPU.ActiveCfg = Release|Any CPU
		{540FB6BF-9174-03F9-82A3-5887450264D1}.Release|Any CPU.Build.0 = Release|Any CPU
	EndGlobalSection
	GlobalSection(SolutionProperties) = preSolution
		HideSolutionNode = FALSE
	EndGlobalSection
EndGlobal
